<?xml version="1.0" encoding="utf-8"?>
<Project ToolsVersion="4.0" xmlns="http://schemas.microsoft.com/developer/msbuild/2003">
  <ItemGroup>
    <Filter Include="Source Files">
      <UniqueIdentifier>{4FC737F1-C7A5-4376-A066-2A32D752A2FF}</UniqueIdentifier>
      <Extensions>cpp;c;cc;cxx;def;odl;idl;hpj;bat;asm;asmx</Extensions>
    </Filter>
    <Filter Include="Source Files\External">
      <UniqueIdentifier>{507130c8-7c23-4c7f-8f01-f7d7a24162d9}</UniqueIdentifier>
    </Filter>
    <Filter Include="Source Files\Internal">
      <UniqueIdentifier>{19cc0157-0421-4f5e-995b-8a3b7597a21c}</UniqueIdentifier>
    </Filter>
    <Filter Include="Header Files">
      <UniqueIdentifier>{93995380-89BD-4b04-88EB-625FBE52EBFB}</UniqueIdentifier>
      <Extensions>h;hpp;hxx;hm;inl;inc;xsd</Extensions>
    </Filter>
    <Filter Include="Header Files\External">
      <UniqueIdentifier>{d5a928a8-6af0-497e-9901-63c7a2f348b7}</UniqueIdentifier>
    </Filter>
    <Filter Include="Header Files\Internal">
      <UniqueIdentifier>{c6525fbd-5bbd-439a-934f-f1e1a66eb220}</UniqueIdentifier>
    </Filter>
    <Filter Include="Header Files\License">
      <UniqueIdentifier>{fb153723-7027-425e-a670-601016492102}</UniqueIdentifier>
    </Filter>
    <Filter Include="Resource Files">
      <UniqueIdentifier>{67DA6AB6-F800-4c08-8B7A-83BB121AAD01}</UniqueIdentifier>
      <Extensions>rc;ico;cur;bmp;dlg;rc2;rct;bin;rgs;gif;jpg;jpeg;jpe;resx;tiff;tif;png;wav</Extensions>
    </Filter>
    <Filter Include="Documents">
      <UniqueIdentifier>{4d635236-771a-4720-9b3b-c2fee3df24a1}</UniqueIdentifier>
    </Filter>
  </ItemGroup>
  <ItemGroup>
    <ClCompile Include="CreateId.cpp">
      <Filter>Source Files\Internal</Filter>
    </ClCompile>
    <ClCompile Include="DLLMain.cpp">
      <Filter>Source Files\Internal</Filter>
    </ClCompile>
    <ClCompile Include="RegistrationClass.cpp">
      <Filter>Source Files\Internal</Filter>
    </ClCompile>
    <ClCompile Include="ValidateTime.cpp">
      <Filter>Source Files\Internal</Filter>
    </ClCompile>
    <ClCompile Include="ChooseDisk.cpp">
      <Filter>Source Files\Internal</Filter>
    </ClCompile>
    <ClCompile Include="..\Utilities\StampHash\StampHash.cpp">
      <Filter>Source Files\External</Filter>
    </ClCompile>
    <ClCompile Include="..\Utilities\Files\FilesClass.cpp">
      <Filter>Source Files\External</Filter>
    </ClCompile>
    <ClCompile Include="..\Utilities\Base\HexString\HexString.cpp">
      <Filter>Source Files\External</Filter>
    </ClCompile>
    <ClCompile Include="..\Utilities\HDSerial\HDSerialClass.cpp">
      <Filter>Source Files\External</Filter>
    </ClCompile>
  </ItemGroup>
  <ItemGroup>
    <ClInclude Include="Resources.h">
      <Filter>Header Files</Filter>
    </ClInclude>
    <ClInclude Include="CreateId.h">
      <Filter>Header Files\Internal</Filter>
    </ClInclude>
    <ClInclude Include="DLLMain.h">
      <Filter>Header Files\Internal</Filter>
    </ClInclude>
    <ClInclude Include="RegistrationClass.h">
      <Filter>Header Files\Internal</Filter>
    </ClInclude>
    <ClInclude Include="ValidateTime.h">
      <Filter>Header Files\Internal</Filter>
    </ClInclude>
    <ClInclude Include="BuildSets.h">
      <Filter>Header Files</Filter>
    </ClInclude>
    <ClInclude Include="VersionNo.h">
      <Filter>Header Files</Filter>
    </ClInclude>
    <ClInclude Include="..\Utilities\StampHash\StampHash.h">
      <Filter>Header Files\External</Filter>
    </ClInclude>
    <ClInclude Include="ChooseDisk.h">
      <Filter>Header Files\Internal</Filter>
    </ClInclude>
    <ClInclude Include="..\Utilities\Base\HexString\HexString.h">
      <Filter>Header Files\External</Filter>
    </ClInclude>
    <ClInclude Include="..\Utilities\Files\FilesClass.h">
      <Filter>Header Files\External</Filter>
    </ClInclude>
    <ClInclude Include="..\Utilities\HDSerial\HDSerialClass.h">
      <Filter>Header Files\External</Filter>
    </ClInclude>
  </ItemGroup>
  <ItemGroup>
    <ResourceCompile Include="Registration.rc">
      <Filter>Resource Files</Filter>
    </ResourceCompile>
    <ResourceCompile Include="ChooseDisk.rc">
      <Filter>Resource Files</Filter>
    </ResourceCompile>
  </ItemGroup>
  <ItemGroup>
    <None Include="Registration.def">
      <Filter>Source Files</Filter>
    </None>
    <None Include="..\Documents\License\Registration\Design.gdoc">
      <Filter>Documents</Filter>
    </None>
    <None Include="..\Documents\License\Registration\Notes.gdoc">
      <Filter>Documents</Filter>
    </None>
    <None Include="..\Documents\License\Registration\Requirements.gdoc">
      <Filter>Documents</Filter>
    </None>
  </ItemGroup>
</Project>